// !$*UTF8*$!
{
	archiveVersion = 1;
	classes = {
	};
	objectVersion = 56;
	objects = {

/* Begin PBXBuildFile section */
		DC7BD25C2B619C77008EB368 /* GoogleService-Info.plist in Resources */ = {isa = PBXBuildFile; fileRef = DC7BD25B2B619C77008EB368 /* GoogleService-Info.plist */; };
		DC7BD25F2B619D8D008EB368 /* FirebaseAnalytics in Frameworks */ = {isa = PBXBuildFile; productRef = DC7BD25E2B619D8D008EB368 /* FirebaseAnalytics */; };
		DC7BD2612B619D8D008EB368 /* FirebaseAnalyticsOnDeviceConversion in Frameworks */ = {isa = PBXBuildFile; productRef = DC7BD2602B619D8D008EB368 /* FirebaseAnalyticsOnDeviceConversion */; };
		DC7BD2632B619D8D008EB368 /* FirebaseAnalyticsSwift in Frameworks */ = {isa = PBXBuildFile; productRef = DC7BD2622B619D8D008EB368 /* FirebaseAnalyticsSwift */; };
		DC7BD2652B619D8D008EB368 /* FirebaseAnalyticsWithoutAdIdSupport in Frameworks */ = {isa = PBXBuildFile; productRef = DC7BD2642B619D8D008EB368 /* FirebaseAnalyticsWithoutAdIdSupport */; };
		DC7BD2672B619D8D008EB368 /* FirebaseAppCheck in Frameworks */ = {isa = PBXBuildFile; productRef = DC7BD2662B619D8D008EB368 /* FirebaseAppCheck */; };
		DC7BD2692B619D8D008EB368 /* FirebaseAppDistribution-Beta in Frameworks */ = {isa = PBXBuildFile; productRef = DC7BD2682B619D8D008EB368 /* FirebaseAppDistribution-Beta */; };
		DC7BD26B2B619D8D008EB368 /* FirebaseAuth in Frameworks */ = {isa = PBXBuildFile; productRef = DC7BD26A2B619D8D008EB368 /* FirebaseAuth */; };
		DC7BD26D2B619D8D008EB368 /* FirebaseAuthCombine-Community in Frameworks */ = {isa = PBXBuildFile; productRef = DC7BD26C2B619D8D008EB368 /* FirebaseAuthCombine-Community */; };
		DC7BD26F2B619D8D008EB368 /* FirebaseCrashlytics in Frameworks */ = {isa = PBXBuildFile; productRef = DC7BD26E2B619D8D008EB368 /* FirebaseCrashlytics */; };
		DC7BD2712B619D8D008EB368 /* FirebaseDatabase in Frameworks */ = {isa = PBXBuildFile; productRef = DC7BD2702B619D8D008EB368 /* FirebaseDatabase */; };
		DC7BD2732B619D8D008EB368 /* FirebaseDatabaseSwift in Frameworks */ = {isa = PBXBuildFile; productRef = DC7BD2722B619D8D008EB368 /* FirebaseDatabaseSwift */; };
		DC7BD2752B619D8D008EB368 /* FirebaseDynamicLinks in Frameworks */ = {isa = PBXBuildFile; productRef = DC7BD2742B619D8D008EB368 /* FirebaseDynamicLinks */; };
		DC7BD2772B619D8D008EB368 /* FirebaseFirestore in Frameworks */ = {isa = PBXBuildFile; productRef = DC7BD2762B619D8D008EB368 /* FirebaseFirestore */; };
		DC7BD2792B619D8D008EB368 /* FirebaseFirestoreCombine-Community in Frameworks */ = {isa = PBXBuildFile; productRef = DC7BD2782B619D8D008EB368 /* FirebaseFirestoreCombine-Community */; };
		DC7BD27B2B619D8D008EB368 /* FirebaseFirestoreSwift in Frameworks */ = {isa = PBXBuildFile; productRef = DC7BD27A2B619D8D008EB368 /* FirebaseFirestoreSwift */; };
		DC7BD27D2B619D8D008EB368 /* FirebaseFunctions in Frameworks */ = {isa = PBXBuildFile; productRef = DC7BD27C2B619D8D008EB368 /* FirebaseFunctions */; };
		DC7BD27F2B619D8D008EB368 /* FirebaseFunctionsCombine-Community in Frameworks */ = {isa = PBXBuildFile; productRef = DC7BD27E2B619D8D008EB368 /* FirebaseFunctionsCombine-Community */; };
		DC7BD2812B619D8D008EB368 /* FirebaseInAppMessaging-Beta in Frameworks */ = {isa = PBXBuildFile; productRef = DC7BD2802B619D8D008EB368 /* FirebaseInAppMessaging-Beta */; };
		DC7BD2832B619D8D008EB368 /* FirebaseInAppMessagingSwift-Beta in Frameworks */ = {isa = PBXBuildFile; productRef = DC7BD2822B619D8D008EB368 /* FirebaseInAppMessagingSwift-Beta */; };
		DC7BD2852B619D8D008EB368 /* FirebaseInstallations in Frameworks */ = {isa = PBXBuildFile; productRef = DC7BD2842B619D8D008EB368 /* FirebaseInstallations */; };
		DC7BD2872B619D8D008EB368 /* FirebaseMLModelDownloader in Frameworks */ = {isa = PBXBuildFile; productRef = DC7BD2862B619D8D008EB368 /* FirebaseMLModelDownloader */; };
		DC7BD2892B619D8D008EB368 /* FirebaseMessaging in Frameworks */ = {isa = PBXBuildFile; productRef = DC7BD2882B619D8D008EB368 /* FirebaseMessaging */; };
		DC7BD28B2B619D8D008EB368 /* FirebasePerformance in Frameworks */ = {isa = PBXBuildFile; productRef = DC7BD28A2B619D8D008EB368 /* FirebasePerformance */; };
		DC7BD28D2B619D8D008EB368 /* FirebaseRemoteConfig in Frameworks */ = {isa = PBXBuildFile; productRef = DC7BD28C2B619D8D008EB368 /* FirebaseRemoteConfig */; };
		DC7BD28F2B619D8D008EB368 /* FirebaseRemoteConfigSwift in Frameworks */ = {isa = PBXBuildFile; productRef = DC7BD28E2B619D8D008EB368 /* FirebaseRemoteConfigSwift */; };
		DC7BD2912B619D8D008EB368 /* FirebaseStorage in Frameworks */ = {isa = PBXBuildFile; productRef = DC7BD2902B619D8D008EB368 /* FirebaseStorage */; };
		DC7BD2932B619D8D008EB368 /* FirebaseStorageCombine-Community in Frameworks */ = {isa = PBXBuildFile; productRef = DC7BD2922B619D8D008EB368 /* FirebaseStorageCombine-Community */; };
		DCA232872AE86FD1000EAF2F /* AppDelegate.swift in Sources */ = {isa = PBXBuildFile; fileRef = DCA232862AE86FD1000EAF2F /* AppDelegate.swift */; };
		DCA232892AE86FD1000EAF2F /* SceneDelegate.swift in Sources */ = {isa = PBXBuildFile; fileRef = DCA232882AE86FD1000EAF2F /* SceneDelegate.swift */; };
		DCA2328B2AE86FD1000EAF2F /* HomePage.swift in Sources */ = {isa = PBXBuildFile; fileRef = DCA2328A2AE86FD1000EAF2F /* HomePage.swift */; };
		DCA2328E2AE86FD1000EAF2F /* Main.storyboard in Resources */ = {isa = PBXBuildFile; fileRef = DCA2328C2AE86FD1000EAF2F /* Main.storyboard */; };
		DCA232902AE86FD2000EAF2F /* Assets.xcassets in Resources */ = {isa = PBXBuildFile; fileRef = DCA2328F2AE86FD2000EAF2F /* Assets.xcassets */; };
		DCA232932AE86FD2000EAF2F /* LaunchScreen.storyboard in Resources */ = {isa = PBXBuildFile; fileRef = DCA232912AE86FD2000EAF2F /* LaunchScreen.storyboard */; };
		DCA232A22AE87061000EAF2F /* Persons.swift in Sources */ = {isa = PBXBuildFile; fileRef = DCA232A12AE87061000EAF2F /* Persons.swift */; };
		DCA232A42AE87071000EAF2F /* PersonsDaoRepository.swift in Sources */ = {isa = PBXBuildFile; fileRef = DCA232A32AE87071000EAF2F /* PersonsDaoRepository.swift */; };
		DCA232A62AE87090000EAF2F /* PersonRegister.swift in Sources */ = {isa = PBXBuildFile; fileRef = DCA232A52AE8708F000EAF2F /* PersonRegister.swift */; };
		DCA232A82AE870A0000EAF2F /* PersonDetail.swift in Sources */ = {isa = PBXBuildFile; fileRef = DCA232A72AE870A0000EAF2F /* PersonDetail.swift */; };
		DCA232AA2AE870CB000EAF2F /* PersonCell.swift in Sources */ = {isa = PBXBuildFile; fileRef = DCA232A92AE870CB000EAF2F /* PersonCell.swift */; };
		DCA232AC2AE870E0000EAF2F /* HomePageViewModel.swift in Sources */ = {isa = PBXBuildFile; fileRef = DCA232AB2AE870E0000EAF2F /* HomePageViewModel.swift */; };
		DCA232AE2AE870EB000EAF2F /* PersonRegisterViewModel.swift in Sources */ = {isa = PBXBuildFile; fileRef = DCA232AD2AE870EB000EAF2F /* PersonRegisterViewModel.swift */; };
		DCA232B02AE870F0000EAF2F /* PersonDetailViewModel.swift in Sources */ = {isa = PBXBuildFile; fileRef = DCA232AF2AE870F0000EAF2F /* PersonDetailViewModel.swift */; };
		DCA232B32AE871AF000EAF2F /* RxBlocking in Frameworks */ = {isa = PBXBuildFile; productRef = DCA232B22AE871AF000EAF2F /* RxBlocking */; };
		DCA232B52AE871AF000EAF2F /* RxBlocking-Dynamic in Frameworks */ = {isa = PBXBuildFile; productRef = DCA232B42AE871AF000EAF2F /* RxBlocking-Dynamic */; };
		DCA232B72AE871AF000EAF2F /* RxCocoa in Frameworks */ = {isa = PBXBuildFile; productRef = DCA232B62AE871AF000EAF2F /* RxCocoa */; };
		DCA232B92AE871AF000EAF2F /* RxCocoa-Dynamic in Frameworks */ = {isa = PBXBuildFile; productRef = DCA232B82AE871AF000EAF2F /* RxCocoa-Dynamic */; };
		DCA232BB2AE871AF000EAF2F /* RxRelay in Frameworks */ = {isa = PBXBuildFile; productRef = DCA232BA2AE871AF000EAF2F /* RxRelay */; };
/* End PBXBuildFile section */

/* Begin PBXFileReference section */
		DC7BD25B2B619C77008EB368 /* GoogleService-Info.plist */ = {isa = PBXFileReference; fileEncoding = 4; lastKnownFileType = text.plist.xml; path = "GoogleService-Info.plist"; sourceTree = "<group>"; };
		DCA232832AE86FD1000EAF2F /* Persons App (Draft Plan) MVVM.app */ = {isa = PBXFileReference; explicitFileType = wrapper.application; includeInIndex = 0; path = "Persons App (Draft Plan) MVVM.app"; sourceTree = BUILT_PRODUCTS_DIR; };
		DCA232862AE86FD1000EAF2F /* AppDelegate.swift */ = {isa = PBXFileReference; lastKnownFileType = sourcecode.swift; path = AppDelegate.swift; sourceTree = "<group>"; };
		DCA232882AE86FD1000EAF2F /* SceneDelegate.swift */ = {isa = PBXFileReference; lastKnownFileType = sourcecode.swift; path = SceneDelegate.swift; sourceTree = "<group>"; };
		DCA2328A2AE86FD1000EAF2F /* HomePage.swift */ = {isa = PBXFileReference; lastKnownFileType = sourcecode.swift; path = HomePage.swift; sourceTree = "<group>"; };
		DCA2328D2AE86FD1000EAF2F /* Base */ = {isa = PBXFileReference; lastKnownFileType = file.storyboard; name = Base; path = Base.lproj/Main.storyboard; sourceTree = "<group>"; };
		DCA2328F2AE86FD2000EAF2F /* Assets.xcassets */ = {isa = PBXFileReference; lastKnownFileType = folder.assetcatalog; path = Assets.xcassets; sourceTree = "<group>"; };
		DCA232922AE86FD2000EAF2F /* Base */ = {isa = PBXFileReference; lastKnownFileType = file.storyboard; name = Base; path = Base.lproj/LaunchScreen.storyboard; sourceTree = "<group>"; };
		DCA232942AE86FD2000EAF2F /* Info.plist */ = {isa = PBXFileReference; lastKnownFileType = text.plist.xml; path = Info.plist; sourceTree = "<group>"; };
		DCA232A12AE87061000EAF2F /* Persons.swift */ = {isa = PBXFileReference; lastKnownFileType = sourcecode.swift; path = Persons.swift; sourceTree = "<group>"; };
		DCA232A32AE87071000EAF2F /* PersonsDaoRepository.swift */ = {isa = PBXFileReference; lastKnownFileType = sourcecode.swift; path = PersonsDaoRepository.swift; sourceTree = "<group>"; };
		DCA232A52AE8708F000EAF2F /* PersonRegister.swift */ = {isa = PBXFileReference; lastKnownFileType = sourcecode.swift; path = PersonRegister.swift; sourceTree = "<group>"; };
		DCA232A72AE870A0000EAF2F /* PersonDetail.swift */ = {isa = PBXFileReference; lastKnownFileType = sourcecode.swift; path = PersonDetail.swift; sourceTree = "<group>"; };
		DCA232A92AE870CB000EAF2F /* PersonCell.swift */ = {isa = PBXFileReference; lastKnownFileType = sourcecode.swift; path = PersonCell.swift; sourceTree = "<group>"; };
		DCA232AB2AE870E0000EAF2F /* HomePageViewModel.swift */ = {isa = PBXFileReference; lastKnownFileType = sourcecode.swift; path = HomePageViewModel.swift; sourceTree = "<group>"; };
		DCA232AD2AE870EB000EAF2F /* PersonRegisterViewModel.swift */ = {isa = PBXFileReference; lastKnownFileType = sourcecode.swift; path = PersonRegisterViewModel.swift; sourceTree = "<group>"; };
		DCA232AF2AE870F0000EAF2F /* PersonDetailViewModel.swift */ = {isa = PBXFileReference; lastKnownFileType = sourcecode.swift; path = PersonDetailViewModel.swift; sourceTree = "<group>"; };
/* End PBXFileReference section */

/* Begin PBXFrameworksBuildPhase section */
		DCA232802AE86FD1000EAF2F /* Frameworks */ = {
			isa = PBXFrameworksBuildPhase;
			buildActionMask = 2147483647;
			files = (
				DC7BD2892B619D8D008EB368 /* FirebaseMessaging in Frameworks */,
				DC7BD2792B619D8D008EB368 /* FirebaseFirestoreCombine-Community in Frameworks */,
				DC7BD2712B619D8D008EB368 /* FirebaseDatabase in Frameworks */,
				DCA232BB2AE871AF000EAF2F /* RxRelay in Frameworks */,
				DC7BD2912B619D8D008EB368 /* FirebaseStorage in Frameworks */,
				DCA232B92AE871AF000EAF2F /* RxCocoa-Dynamic in Frameworks */,
				DC7BD25F2B619D8D008EB368 /* FirebaseAnalytics in Frameworks */,
				DC7BD26F2B619D8D008EB368 /* FirebaseCrashlytics in Frameworks */,
				DC7BD2772B619D8D008EB368 /* FirebaseFirestore in Frameworks */,
				DC7BD2752B619D8D008EB368 /* FirebaseDynamicLinks in Frameworks */,
				DC7BD2932B619D8D008EB368 /* FirebaseStorageCombine-Community in Frameworks */,
				DC7BD2612B619D8D008EB368 /* FirebaseAnalyticsOnDeviceConversion in Frameworks */,
				DC7BD27F2B619D8D008EB368 /* FirebaseFunctionsCombine-Community in Frameworks */,
				DC7BD2832B619D8D008EB368 /* FirebaseInAppMessagingSwift-Beta in Frameworks */,
				DC7BD2872B619D8D008EB368 /* FirebaseMLModelDownloader in Frameworks */,
				DC7BD2812B619D8D008EB368 /* FirebaseInAppMessaging-Beta in Frameworks */,
				DC7BD28B2B619D8D008EB368 /* FirebasePerformance in Frameworks */,
				DC7BD26D2B619D8D008EB368 /* FirebaseAuthCombine-Community in Frameworks */,
				DC7BD2632B619D8D008EB368 /* FirebaseAnalyticsSwift in Frameworks */,
				DC7BD2732B619D8D008EB368 /* FirebaseDatabaseSwift in Frameworks */,
				DCA232B72AE871AF000EAF2F /* RxCocoa in Frameworks */,
				DC7BD28D2B619D8D008EB368 /* FirebaseRemoteConfig in Frameworks */,
				DCA232B32AE871AF000EAF2F /* RxBlocking in Frameworks */,
				DC7BD26B2B619D8D008EB368 /* FirebaseAuth in Frameworks */,
				DC7BD27D2B619D8D008EB368 /* FirebaseFunctions in Frameworks */,
				DC7BD2852B619D8D008EB368 /* FirebaseInstallations in Frameworks */,
				DC7BD27B2B619D8D008EB368 /* FirebaseFirestoreSwift in Frameworks */,
				DC7BD2652B619D8D008EB368 /* FirebaseAnalyticsWithoutAdIdSupport in Frameworks */,
				DC7BD2672B619D8D008EB368 /* FirebaseAppCheck in Frameworks */,
				DC7BD28F2B619D8D008EB368 /* FirebaseRemoteConfigSwift in Frameworks */,
				DC7BD2692B619D8D008EB368 /* FirebaseAppDistribution-Beta in Frameworks */,
				DCA232B52AE871AF000EAF2F /* RxBlocking-Dynamic in Frameworks */,
			);
			runOnlyForDeploymentPostprocessing = 0;
		};
/* End PBXFrameworksBuildPhase section */

/* Begin PBXGroup section */
		DCA2327A2AE86FD1000EAF2F = {
			isa = PBXGroup;
			children = (
				DCA232852AE86FD1000EAF2F /* Persons App (Draft Plan) MVVM */,
				DCA232842AE86FD1000EAF2F /* Products */,
			);
			sourceTree = "<group>";
		};
		DCA232842AE86FD1000EAF2F /* Products */ = {
			isa = PBXGroup;
			children = (
				DCA232832AE86FD1000EAF2F /* Persons App (Draft Plan) MVVM.app */,
			);
			name = Products;
			sourceTree = "<group>";
		};
		DCA232852AE86FD1000EAF2F /* Persons App (Draft Plan) MVVM */ = {
			isa = PBXGroup;
			children = (
				DCA232862AE86FD1000EAF2F /* AppDelegate.swift */,
				DCA232882AE86FD1000EAF2F /* SceneDelegate.swift */,
				DCA2329A2AE87015000EAF2F /* UI */,
				DCA2329E2AE87048000EAF2F /* Data */,
				DCA2328C2AE86FD1000EAF2F /* Main.storyboard */,
				DCA2328F2AE86FD2000EAF2F /* Assets.xcassets */,
				DCA232912AE86FD2000EAF2F /* LaunchScreen.storyboard */,
				DCA232942AE86FD2000EAF2F /* Info.plist */,
				DC7BD25B2B619C77008EB368 /* GoogleService-Info.plist */,
			);
			path = "Persons App (Draft Plan) MVVM";
			sourceTree = "<group>";
		};
		DCA2329A2AE87015000EAF2F /* UI */ = {
			isa = PBXGroup;
			children = (
				DCA2329B2AE8701F000EAF2F /* ViewModel */,
				DCA2329D2AE87036000EAF2F /* TableView */,
				DCA2329C2AE87027000EAF2F /* Views */,
			);
			path = UI;
			sourceTree = "<group>";
		};
		DCA2329B2AE8701F000EAF2F /* ViewModel */ = {
			isa = PBXGroup;
			children = (
				DCA232AB2AE870E0000EAF2F /* HomePageViewModel.swift */,
				DCA232AD2AE870EB000EAF2F /* PersonRegisterViewModel.swift */,
				DCA232AF2AE870F0000EAF2F /* PersonDetailViewModel.swift */,
			);
			path = ViewModel;
			sourceTree = "<group>";
		};
		DCA2329C2AE87027000EAF2F /* Views */ = {
			isa = PBXGroup;
			children = (
				DCA2328A2AE86FD1000EAF2F /* HomePage.swift */,
				DCA232A52AE8708F000EAF2F /* PersonRegister.swift */,
				DCA232A72AE870A0000EAF2F /* PersonDetail.swift */,
			);
			path = Views;
			sourceTree = "<group>";
		};
		DCA2329D2AE87036000EAF2F /* TableView */ = {
			isa = PBXGroup;
			children = (
				DCA232A92AE870CB000EAF2F /* PersonCell.swift */,
			);
			path = TableView;
			sourceTree = "<group>";
		};
		DCA2329E2AE87048000EAF2F /* Data */ = {
			isa = PBXGroup;
			children = (
				DCA232A02AE87052000EAF2F /* Repository */,
				DCA2329F2AE8704B000EAF2F /* Entity */,
			);
			path = Data;
			sourceTree = "<group>";
		};
		DCA2329F2AE8704B000EAF2F /* Entity */ = {
			isa = PBXGroup;
			children = (
				DCA232A12AE87061000EAF2F /* Persons.swift */,
			);
			path = Entity;
			sourceTree = "<group>";
		};
		DCA232A02AE87052000EAF2F /* Repository */ = {
			isa = PBXGroup;
			children = (
				DCA232A32AE87071000EAF2F /* PersonsDaoRepository.swift */,
			);
			path = Repository;
			sourceTree = "<group>";
		};
/* End PBXGroup section */

/* Begin PBXNativeTarget section */
		DCA232822AE86FD1000EAF2F /* Persons App (Draft Plan) MVVM */ = {
			isa = PBXNativeTarget;
			buildConfigurationList = DCA232972AE86FD2000EAF2F /* Build configuration list for PBXNativeTarget "Persons App (Draft Plan) MVVM" */;
			buildPhases = (
				DCA2327F2AE86FD1000EAF2F /* Sources */,
				DCA232802AE86FD1000EAF2F /* Frameworks */,
				DCA232812AE86FD1000EAF2F /* Resources */,
			);
			buildRules = (
			);
			dependencies = (
			);
			name = "Persons App (Draft Plan) MVVM";
			packageProductDependencies = (
				DCA232B22AE871AF000EAF2F /* RxBlocking */,
				DCA232B42AE871AF000EAF2F /* RxBlocking-Dynamic */,
				DCA232B62AE871AF000EAF2F /* RxCocoa */,
				DCA232B82AE871AF000EAF2F /* RxCocoa-Dynamic */,
				DCA232BA2AE871AF000EAF2F /* RxRelay */,
				DC7BD25E2B619D8D008EB368 /* FirebaseAnalytics */,
				DC7BD2602B619D8D008EB368 /* FirebaseAnalyticsOnDeviceConversion */,
				DC7BD2622B619D8D008EB368 /* FirebaseAnalyticsSwift */,
				DC7BD2642B619D8D008EB368 /* FirebaseAnalyticsWithoutAdIdSupport */,
				DC7BD2662B619D8D008EB368 /* FirebaseAppCheck */,
				DC7BD2682B619D8D008EB368 /* FirebaseAppDistribution-Beta */,
				DC7BD26A2B619D8D008EB368 /* FirebaseAuth */,
				DC7BD26C2B619D8D008EB368 /* FirebaseAuthCombine-Community */,
				DC7BD26E2B619D8D008EB368 /* FirebaseCrashlytics */,
				DC7BD2702B619D8D008EB368 /* FirebaseDatabase */,
				DC7BD2722B619D8D008EB368 /* FirebaseDatabaseSwift */,
				DC7BD2742B619D8D008EB368 /* FirebaseDynamicLinks */,
				DC7BD2762B619D8D008EB368 /* FirebaseFirestore */,
				DC7BD2782B619D8D008EB368 /* FirebaseFirestoreCombine-Community */,
				DC7BD27A2B619D8D008EB368 /* FirebaseFirestoreSwift */,
				DC7BD27C2B619D8D008EB368 /* FirebaseFunctions */,
				DC7BD27E2B619D8D008EB368 /* FirebaseFunctionsCombine-Community */,
				DC7BD2802B619D8D008EB368 /* FirebaseInAppMessaging-Beta */,
				DC7BD2822B619D8D008EB368 /* FirebaseInAppMessagingSwift-Beta */,
				DC7BD2842B619D8D008EB368 /* FirebaseInstallations */,
				DC7BD2862B619D8D008EB368 /* FirebaseMLModelDownloader */,
				DC7BD2882B619D8D008EB368 /* FirebaseMessaging */,
				DC7BD28A2B619D8D008EB368 /* FirebasePerformance */,
				DC7BD28C2B619D8D008EB368 /* FirebaseRemoteConfig */,
				DC7BD28E2B619D8D008EB368 /* FirebaseRemoteConfigSwift */,
				DC7BD2902B619D8D008EB368 /* FirebaseStorage */,
				DC7BD2922B619D8D008EB368 /* FirebaseStorageCombine-Community */,
			);
			productName = "Persons App (Draft Plan) MVVM";
			productReference = DCA232832AE86FD1000EAF2F /* Persons App (Draft Plan) MVVM.app */;
			productType = "com.apple.product-type.application";
		};
/* End PBXNativeTarget section */

/* Begin PBXProject section */
		DCA2327B2AE86FD1000EAF2F /* Project object */ = {
			isa = PBXProject;
			attributes = {
				BuildIndependentTargetsInParallel = 1;
				LastSwiftUpdateCheck = 1500;
				LastUpgradeCheck = 1500;
				TargetAttributes = {
					DCA232822AE86FD1000EAF2F = {
						CreatedOnToolsVersion = 15.0;
					};
				};
			};
			buildConfigurationList = DCA2327E2AE86FD1000EAF2F /* Build configuration list for PBXProject "Persons App (Draft Plan) MVVM" */;
			compatibilityVersion = "Xcode 14.0";
			developmentRegion = en;
			hasScannedForEncodings = 0;
			knownRegions = (
				en,
				Base,
			);
			mainGroup = DCA2327A2AE86FD1000EAF2F;
			packageReferences = (
				DCA232B12AE871AF000EAF2F /* XCRemoteSwiftPackageReference "RxSwift" */,
				DC7BD25D2B619D8D008EB368 /* XCRemoteSwiftPackageReference "firebase-ios-sdk" */,
			);
			productRefGroup = DCA232842AE86FD1000EAF2F /* Products */;
			projectDirPath = "";
			projectRoot = "";
			targets = (
				DCA232822AE86FD1000EAF2F /* Persons App (Draft Plan) MVVM */,
			);
		};
/* End PBXProject section */

/* Begin PBXResourcesBuildPhase section */
		DCA232812AE86FD1000EAF2F /* Resources */ = {
			isa = PBXResourcesBuildPhase;
			buildActionMask = 2147483647;
			files = (
				DCA232932AE86FD2000EAF2F /* LaunchScreen.storyboard in Resources */,
				DC7BD25C2B619C77008EB368 /* GoogleService-Info.plist in Resources */,
				DCA232902AE86FD2000EAF2F /* Assets.xcassets in Resources */,
				DCA2328E2AE86FD1000EAF2F /* Main.storyboard in Resources */,
			);
			runOnlyForDeploymentPostprocessing = 0;
		};
/* End PBXResourcesBuildPhase section */

/* Begin PBXSourcesBuildPhase section */
		DCA2327F2AE86FD1000EAF2F /* Sources */ = {
			isa = PBXSourcesBuildPhase;
			buildActionMask = 2147483647;
			files = (
				DCA2328B2AE86FD1000EAF2F /* HomePage.swift in Sources */,
				DCA232A82AE870A0000EAF2F /* PersonDetail.swift in Sources */,
				DCA232AC2AE870E0000EAF2F /* HomePageViewModel.swift in Sources */,
				DCA232AA2AE870CB000EAF2F /* PersonCell.swift in Sources */,
				DCA232AE2AE870EB000EAF2F /* PersonRegisterViewModel.swift in Sources */,
				DCA232B02AE870F0000EAF2F /* PersonDetailViewModel.swift in Sources */,
				DCA232A62AE87090000EAF2F /* PersonRegister.swift in Sources */,
				DCA232872AE86FD1000EAF2F /* AppDelegate.swift in Sources */,
				DCA232A22AE87061000EAF2F /* Persons.swift in Sources */,
				DCA232892AE86FD1000EAF2F /* SceneDelegate.swift in Sources */,
				DCA232A42AE87071000EAF2F /* PersonsDaoRepository.swift in Sources */,
			);
			runOnlyForDeploymentPostprocessing = 0;
		};
/* End PBXSourcesBuildPhase section */

/* Begin PBXVariantGroup section */
		DCA2328C2AE86FD1000EAF2F /* Main.storyboard */ = {
			isa = PBXVariantGroup;
			children = (
				DCA2328D2AE86FD1000EAF2F /* Base */,
			);
			name = Main.storyboard;
			sourceTree = "<group>";
		};
		DCA232912AE86FD2000EAF2F /* LaunchScreen.storyboard */ = {
			isa = PBXVariantGroup;
			children = (
				DCA232922AE86FD2000EAF2F /* Base */,
			);
			name = LaunchScreen.storyboard;
			sourceTree = "<group>";
		};
/* End PBXVariantGroup section */

/* Begin XCBuildConfiguration section */
		DCA232952AE86FD2000EAF2F /* Debug */ = {
			isa = XCBuildConfiguration;
			buildSettings = {
				ALWAYS_SEARCH_USER_PATHS = NO;
				ASSETCATALOG_COMPILER_GENERATE_SWIFT_ASSET_SYMBOL_EXTENSIONS = YES;
				CLANG_ANALYZER_NONNULL = YES;
				CLANG_ANALYZER_NUMBER_OBJECT_CONVERSION = YES_AGGRESSIVE;
				CLANG_CXX_LANGUAGE_STANDARD = "gnu++20";
				CLANG_ENABLE_MODULES = YES;
				CLANG_ENABLE_OBJC_ARC = YES;
				CLANG_ENABLE_OBJC_WEAK = YES;
				CLANG_WARN_BLOCK_CAPTURE_AUTORELEASING = YES;
				CLANG_WARN_BOOL_CONVERSION = YES;
				CLANG_WARN_COMMA = YES;
				CLANG_WARN_CONSTANT_CONVERSION = YES;
				CLANG_WARN_DEPRECATED_OBJC_IMPLEMENTATIONS = YES;
				CLANG_WARN_DIRECT_OBJC_ISA_USAGE = YES_ERROR;
				CLANG_WARN_DOCUMENTATION_COMMENTS = YES;
				CLANG_WARN_EMPTY_BODY = YES;
				CLANG_WARN_ENUM_CONVERSION = YES;
				CLANG_WARN_INFINITE_RECURSION = YES;
				CLANG_WARN_INT_CONVERSION = YES;
				CLANG_WARN_NON_LITERAL_NULL_CONVERSION = YES;
				CLANG_WARN_OBJC_IMPLICIT_RETAIN_SELF = YES;
				CLANG_WARN_OBJC_LITERAL_CONVERSION = YES;
				CLANG_WARN_OBJC_ROOT_CLASS = YES_ERROR;
				CLANG_WARN_QUOTED_INCLUDE_IN_FRAMEWORK_HEADER = YES;
				CLANG_WARN_RANGE_LOOP_ANALYSIS = YES;
				CLANG_WARN_STRICT_PROTOTYPES = YES;
				CLANG_WARN_SUSPICIOUS_MOVE = YES;
				CLANG_WARN_UNGUARDED_AVAILABILITY = YES_AGGRESSIVE;
				CLANG_WARN_UNREACHABLE_CODE = YES;
				CLANG_WARN__DUPLICATE_METHOD_MATCH = YES;
				COPY_PHASE_STRIP = NO;
				DEBUG_INFORMATION_FORMAT = dwarf;
				ENABLE_STRICT_OBJC_MSGSEND = YES;
				ENABLE_TESTABILITY = YES;
				ENABLE_USER_SCRIPT_SANDBOXING = YES;
				GCC_C_LANGUAGE_STANDARD = gnu17;
				GCC_DYNAMIC_NO_PIC = NO;
				GCC_NO_COMMON_BLOCKS = YES;
				GCC_OPTIMIZATION_LEVEL = 0;
				GCC_PREPROCESSOR_DEFINITIONS = (
					"DEBUG=1",
					"$(inherited)",
				);
				GCC_WARN_64_TO_32_BIT_CONVERSION = YES;
				GCC_WARN_ABOUT_RETURN_TYPE = YES_ERROR;
				GCC_WARN_UNDECLARED_SELECTOR = YES;
				GCC_WARN_UNINITIALIZED_AUTOS = YES_AGGRESSIVE;
				GCC_WARN_UNUSED_FUNCTION = YES;
				GCC_WARN_UNUSED_VARIABLE = YES;
				IPHONEOS_DEPLOYMENT_TARGET = 17.0;
				LOCALIZATION_PREFERS_STRING_CATALOGS = YES;
				MTL_ENABLE_DEBUG_INFO = INCLUDE_SOURCE;
				MTL_FAST_MATH = YES;
				ONLY_ACTIVE_ARCH = YES;
				SDKROOT = iphoneos;
				SWIFT_ACTIVE_COMPILATION_CONDITIONS = "DEBUG $(inherited)";
				SWIFT_OPTIMIZATION_LEVEL = "-Onone";
			};
			name = Debug;
		};
		DCA232962AE86FD2000EAF2F /* Release */ = {
			isa = XCBuildConfiguration;
			buildSettings = {
				ALWAYS_SEARCH_USER_PATHS = NO;
				ASSETCATALOG_COMPILER_GENERATE_SWIFT_ASSET_SYMBOL_EXTENSIONS = YES;
				CLANG_ANALYZER_NONNULL = YES;
				CLANG_ANALYZER_NUMBER_OBJECT_CONVERSION = YES_AGGRESSIVE;
				CLANG_CXX_LANGUAGE_STANDARD = "gnu++20";
				CLANG_ENABLE_MODULES = YES;
				CLANG_ENABLE_OBJC_ARC = YES;
				CLANG_ENABLE_OBJC_WEAK = YES;
				CLANG_WARN_BLOCK_CAPTURE_AUTORELEASING = YES;
				CLANG_WARN_BOOL_CONVERSION = YES;
				CLANG_WARN_COMMA = YES;
				CLANG_WARN_CONSTANT_CONVERSION = YES;
				CLANG_WARN_DEPRECATED_OBJC_IMPLEMENTATIONS = YES;
				CLANG_WARN_DIRECT_OBJC_ISA_USAGE = YES_ERROR;
				CLANG_WARN_DOCUMENTATION_COMMENTS = YES;
				CLANG_WARN_EMPTY_BODY = YES;
				CLANG_WARN_ENUM_CONVERSION = YES;
				CLANG_WARN_INFINITE_RECURSION = YES;
				CLANG_WARN_INT_CONVERSION = YES;
				CLANG_WARN_NON_LITERAL_NULL_CONVERSION = YES;
				CLANG_WARN_OBJC_IMPLICIT_RETAIN_SELF = YES;
				CLANG_WARN_OBJC_LITERAL_CONVERSION = YES;
				CLANG_WARN_OBJC_ROOT_CLASS = YES_ERROR;
				CLANG_WARN_QUOTED_INCLUDE_IN_FRAMEWORK_HEADER = YES;
				CLANG_WARN_RANGE_LOOP_ANALYSIS = YES;
				CLANG_WARN_STRICT_PROTOTYPES = YES;
				CLANG_WARN_SUSPICIOUS_MOVE = YES;
				CLANG_WARN_UNGUARDED_AVAILABILITY = YES_AGGRESSIVE;
				CLANG_WARN_UNREACHABLE_CODE = YES;
				CLANG_WARN__DUPLICATE_METHOD_MATCH = YES;
				COPY_PHASE_STRIP = NO;
				DEBUG_INFORMATION_FORMAT = "dwarf-with-dsym";
				ENABLE_NS_ASSERTIONS = NO;
				ENABLE_STRICT_OBJC_MSGSEND = YES;
				ENABLE_USER_SCRIPT_SANDBOXING = YES;
				GCC_C_LANGUAGE_STANDARD = gnu17;
				GCC_NO_COMMON_BLOCKS = YES;
				GCC_WARN_64_TO_32_BIT_CONVERSION = YES;
				GCC_WARN_ABOUT_RETURN_TYPE = YES_ERROR;
				GCC_WARN_UNDECLARED_SELECTOR = YES;
				GCC_WARN_UNINITIALIZED_AUTOS = YES_AGGRESSIVE;
				GCC_WARN_UNUSED_FUNCTION = YES;
				GCC_WARN_UNUSED_VARIABLE = YES;
				IPHONEOS_DEPLOYMENT_TARGET = 17.0;
				LOCALIZATION_PREFERS_STRING_CATALOGS = YES;
				MTL_ENABLE_DEBUG_INFO = NO;
				MTL_FAST_MATH = YES;
				SDKROOT = iphoneos;
				SWIFT_COMPILATION_MODE = wholemodule;
				VALIDATE_PRODUCT = YES;
			};
			name = Release;
		};
		DCA232982AE86FD2000EAF2F /* Debug */ = {
			isa = XCBuildConfiguration;
			buildSettings = {
				ASSETCATALOG_COMPILER_APPICON_NAME = AppIcon;
				ASSETCATALOG_COMPILER_GLOBAL_ACCENT_COLOR_NAME = AccentColor;
				CODE_SIGN_STYLE = Automatic;
				CURRENT_PROJECT_VERSION = 1;
				DEVELOPMENT_TEAM = 3755NX4L2K;
				GENERATE_INFOPLIST_FILE = YES;
				INFOPLIST_FILE = "Persons App (Draft Plan) MVVM/Info.plist";
				INFOPLIST_KEY_UIApplicationSupportsIndirectInputEvents = YES;
				INFOPLIST_KEY_UILaunchStoryboardName = LaunchScreen;
				INFOPLIST_KEY_UIMainStoryboardFile = Main;
				INFOPLIST_KEY_UISupportedInterfaceOrientations_iPad = "UIInterfaceOrientationPortrait UIInterfaceOrientationPortraitUpsideDown UIInterfaceOrientationLandscapeLeft UIInterfaceOrientationLandscapeRight";
				INFOPLIST_KEY_UISupportedInterfaceOrientations_iPhone = "UIInterfaceOrientationPortrait UIInterfaceOrientationLandscapeLeft UIInterfaceOrientationLandscapeRight";
				LD_RUNPATH_SEARCH_PATHS = (
					"$(inherited)",
					"@executable_path/Frameworks",
				);
				MARKETING_VERSION = 1.0;
				PRODUCT_BUNDLE_IDENTIFIER = "com.ahmeterkut.Persons-App--Draft-Plan--MVVM";
				PRODUCT_NAME = "$(TARGET_NAME)";
				SWIFT_EMIT_LOC_STRINGS = YES;
				SWIFT_VERSION = 5.0;
				TARGETED_DEVICE_FAMILY = "1,2";
			};
			name = Debug;
		};
		DCA232992AE86FD2000EAF2F /* Release */ = {
			isa = XCBuildConfiguration;
			buildSettings = {
				ASSETCATALOG_COMPILER_APPICON_NAME = AppIcon;
				ASSETCATALOG_COMPILER_GLOBAL_ACCENT_COLOR_NAME = AccentColor;
				CODE_SIGN_STYLE = Automatic;
				CURRENT_PROJECT_VERSION = 1;
				DEVELOPMENT_TEAM = 3755NX4L2K;
				GENERATE_INFOPLIST_FILE = YES;
				INFOPLIST_FILE = "Persons App (Draft Plan) MVVM/Info.plist";
				INFOPLIST_KEY_UIApplicationSupportsIndirectInputEvents = YES;
				INFOPLIST_KEY_UILaunchStoryboardName = LaunchScreen;
				INFOPLIST_KEY_UIMainStoryboardFile = Main;
				INFOPLIST_KEY_UISupportedInterfaceOrientations_iPad = "UIInterfaceOrientationPortrait UIInterfaceOrientationPortraitUpsideDown UIInterfaceOrientationLandscapeLeft UIInterfaceOrientationLandscapeRight";
				INFOPLIST_KEY_UISupportedInterfaceOrientations_iPhone = "UIInterfaceOrientationPortrait UIInterfaceOrientationLandscapeLeft UIInterfaceOrientationLandscapeRight";
				LD_RUNPATH_SEARCH_PATHS = (
					"$(inherited)",
					"@executable_path/Frameworks",
				);
				MARKETING_VERSION = 1.0;
				PRODUCT_BUNDLE_IDENTIFIER = "com.ahmeterkut.Persons-App--Draft-Plan--MVVM";
				PRODUCT_NAME = "$(TARGET_NAME)";
				SWIFT_EMIT_LOC_STRINGS = YES;
				SWIFT_VERSION = 5.0;
				TARGETED_DEVICE_FAMILY = "1,2";
			};
			name = Release;
		};
/* End XCBuildConfiguration section */

/* Begin XCConfigurationList section */
		DCA2327E2AE86FD1000EAF2F /* Build configuration list for PBXProject "Persons App (Draft Plan) MVVM" */ = {
			isa = XCConfigurationList;
			buildConfigurations = (
				DCA232952AE86FD2000EAF2F /* Debug */,
				DCA232962AE86FD2000EAF2F /* Release */,
			);
			defaultConfigurationIsVisible = 0;
			defaultConfigurationName = Release;
		};
		DCA232972AE86FD2000EAF2F /* Build configuration list for PBXNativeTarget "Persons App (Draft Plan) MVVM" */ = {
			isa = XCConfigurationList;
			buildConfigurations = (
				DCA232982AE86FD2000EAF2F /* Debug */,
				DCA232992AE86FD2000EAF2F /* Release */,
			);
			defaultConfigurationIsVisible = 0;
			defaultConfigurationName = Release;
		};
/* End XCConfigurationList section */

/* Begin XCRemoteSwiftPackageReference section */
		DC7BD25D2B619D8D008EB368 /* XCRemoteSwiftPackageReference "firebase-ios-sdk" */ = {
			isa = XCRemoteSwiftPackageReference;
			repositoryURL = "https://github.com/firebase/firebase-ios-sdk";
			requirement = {
				branch = master;
				kind = branch;
			};
		};
		DCA232B12AE871AF000EAF2F /* XCRemoteSwiftPackageReference "RxSwift" */ = {
			isa = XCRemoteSwiftPackageReference;
			repositoryURL = "https://github.com/ReactiveX/RxSwift.git";
			requirement = {
				kind = upToNextMajorVersion;
				minimumVersion = 6.6.0;
			};
		};
/* End XCRemoteSwiftPackageReference section */

/* Begin XCSwiftPackageProductDependency section */
		DC7BD25E2B619D8D008EB368 /* FirebaseAnalytics */ = {
			isa = XCSwiftPackageProductDependency;
			package = DC7BD25D2B619D8D008EB368 /* XCRemoteSwiftPackageReference "firebase-ios-sdk" */;
			productName = FirebaseAnalytics;
		};
		DC7BD2602B619D8D008EB368 /* FirebaseAnalyticsOnDeviceConversion */ = {
			isa = XCSwiftPackageProductDependency;
			package = DC7BD25D2B619D8D008EB368 /* XCRemoteSwiftPackageReference "firebase-ios-sdk" */;
			productName = FirebaseAnalyticsOnDeviceConversion;
		};
		DC7BD2622B619D8D008EB368 /* FirebaseAnalyticsSwift */ = {
			isa = XCSwiftPackageProductDependency;
			package = DC7BD25D2B619D8D008EB368 /* XCRemoteSwiftPackageReference "firebase-ios-sdk" */;
			productName = FirebaseAnalyticsSwift;
		};
		DC7BD2642B619D8D008EB368 /* FirebaseAnalyticsWithoutAdIdSupport */ = {
			isa = XCSwiftPackageProductDependency;
			package = DC7BD25D2B619D8D008EB368 /* XCRemoteSwiftPackageReference "firebase-ios-sdk" */;
			productName = FirebaseAnalyticsWithoutAdIdSupport;
		};
		DC7BD2662B619D8D008EB368 /* FirebaseAppCheck */ = {
			isa = XCSwiftPackageProductDependency;
			package = DC7BD25D2B619D8D008EB368 /* XCRemoteSwiftPackageReference "firebase-ios-sdk" */;
			productName = FirebaseAppCheck;
		};
		DC7BD2682B619D8D008EB368 /* FirebaseAppDistribution-Beta */ = {
			isa = XCSwiftPackageProductDependency;
			package = DC7BD25D2B619D8D008EB368 /* XCRemoteSwiftPackageReference "firebase-ios-sdk" */;
			productName = "FirebaseAppDistribution-Beta";
		};
		DC7BD26A2B619D8D008EB368 /* FirebaseAuth */ = {
			isa = XCSwiftPackageProductDependency;
			package = DC7BD25D2B619D8D008EB368 /* XCRemoteSwiftPackageReference "firebase-ios-sdk" */;
			productName = FirebaseAuth;
		};
		DC7BD26C2B619D8D008EB368 /* FirebaseAuthCombine-Community */ = {
			isa = XCSwiftPackageProductDependency;
			package = DC7BD25D2B619D8D008EB368 /* XCRemoteSwiftPackageReference "firebase-ios-sdk" */;
			productName = "FirebaseAuthCombine-Community";
		};
		DC7BD26E2B619D8D008EB368 /* FirebaseCrashlytics */ = {
			isa = XCSwiftPackageProductDependency;
			package = DC7BD25D2B619D8D008EB368 /* XCRemoteSwiftPackageReference "firebase-ios-sdk" */;
			productName = FirebaseCrashlytics;
		};
		DC7BD2702B619D8D008EB368 /* FirebaseDatabase */ = {
			isa = XCSwiftPackageProductDependency;
			package = DC7BD25D2B619D8D008EB368 /* XCRemoteSwiftPackageReference "firebase-ios-sdk" */;
			productName = FirebaseDatabase;
		};
		DC7BD2722B619D8D008EB368 /* FirebaseDatabaseSwift */ = {
			isa = XCSwiftPackageProductDependency;
			package = DC7BD25D2B619D8D008EB368 /* XCRemoteSwiftPackageReference "firebase-ios-sdk" */;
			productName = FirebaseDatabaseSwift;
		};
		DC7BD2742B619D8D008EB368 /* FirebaseDynamicLinks */ = {
			isa = XCSwiftPackageProductDependency;
			package = DC7BD25D2B619D8D008EB368 /* XCRemoteSwiftPackageReference "firebase-ios-sdk" */;
			productName = FirebaseDynamicLinks;
		};
		DC7BD2762B619D8D008EB368 /* FirebaseFirestore */ = {
			isa = XCSwiftPackageProductDependency;
			package = DC7BD25D2B619D8D008EB368 /* XCRemoteSwiftPackageReference "firebase-ios-sdk" */;
			productName = FirebaseFirestore;
		};
		DC7BD2782B619D8D008EB368 /* FirebaseFirestoreCombine-Community */ = {
			isa = XCSwiftPackageProductDependency;
			package = DC7BD25D2B619D8D008EB368 /* XCRemoteSwiftPackageReference "firebase-ios-sdk" */;
			productName = "FirebaseFirestoreCombine-Community";
		};
		DC7BD27A2B619D8D008EB368 /* FirebaseFirestoreSwift */ = {
			isa = XCSwiftPackageProductDependency;
			package = DC7BD25D2B619D8D008EB368 /* XCRemoteSwiftPackageReference "firebase-ios-sdk" */;
			productName = FirebaseFirestoreSwift;
		};
		DC7BD27C2B619D8D008EB368 /* FirebaseFunctions */ = {
			isa = XCSwiftPackageProductDependency;
			package = DC7BD25D2B619D8D008EB368 /* XCRemoteSwiftPackageReference "firebase-ios-sdk" */;
			productName = FirebaseFunctions;
		};
		DC7BD27E2B619D8D008EB368 /* FirebaseFunctionsCombine-Community */ = {
			isa = XCSwiftPackageProductDependency;
			package = DC7BD25D2B619D8D008EB368 /* XCRemoteSwiftPackageReference "firebase-ios-sdk" */;
			productName = "FirebaseFunctionsCombine-Community";
		};
		DC7BD2802B619D8D008EB368 /* FirebaseInAppMessaging-Beta */ = {
			isa = XCSwiftPackageProductDependency;
			package = DC7BD25D2B619D8D008EB368 /* XCRemoteSwiftPackageReference "firebase-ios-sdk" */;
			productName = "FirebaseInAppMessaging-Beta";
		};
		DC7BD2822B619D8D008EB368 /* FirebaseInAppMessagingSwift-Beta */ = {
			isa = XCSwiftPackageProductDependency;
			package = DC7BD25D2B619D8D008EB368 /* XCRemoteSwiftPackageReference "firebase-ios-sdk" */;
			productName = "FirebaseInAppMessagingSwift-Beta";
		};
		DC7BD2842B619D8D008EB368 /* FirebaseInstallations */ = {
			isa = XCSwiftPackageProductDependency;
			package = DC7BD25D2B619D8D008EB368 /* XCRemoteSwiftPackageReference "firebase-ios-sdk" */;
			productName = FirebaseInstallations;
		};
		DC7BD2862B619D8D008EB368 /* FirebaseMLModelDownloader */ = {
			isa = XCSwiftPackageProductDependency;
			package = DC7BD25D2B619D8D008EB368 /* XCRemoteSwiftPackageReference "firebase-ios-sdk" */;
			productName = FirebaseMLModelDownloader;
		};
		DC7BD2882B619D8D008EB368 /* FirebaseMessaging */ = {
			isa = XCSwiftPackageProductDependency;
			package = DC7BD25D2B619D8D008EB368 /* XCRemoteSwiftPackageReference "firebase-ios-sdk" */;
			productName = FirebaseMessaging;
		};
		DC7BD28A2B619D8D008EB368 /* FirebasePerformance */ = {
			isa = XCSwiftPackageProductDependency;
			package = DC7BD25D2B619D8D008EB368 /* XCRemoteSwiftPackageReference "firebase-ios-sdk" */;
			productName = FirebasePerformance;
		};
		DC7BD28C2B619D8D008EB368 /* FirebaseRemoteConfig */ = {
			isa = XCSwiftPackageProductDependency;
			package = DC7BD25D2B619D8D008EB368 /* XCRemoteSwiftPackageReference "firebase-ios-sdk" */;
			productName = FirebaseRemoteConfig;
		};
		DC7BD28E2B619D8D008EB368 /* FirebaseRemoteConfigSwift */ = {
			isa = XCSwiftPackageProductDependency;
			package = DC7BD25D2B619D8D008EB368 /* XCRemoteSwiftPackageReference "firebase-ios-sdk" */;
			productName = FirebaseRemoteConfigSwift;
		};
		DC7BD2902B619D8D008EB368 /* FirebaseStorage */ = {
			isa = XCSwiftPackageProductDependency;
			package = DC7BD25D2B619D8D008EB368 /* XCRemoteSwiftPackageReference "firebase-ios-sdk" */;
			productName = FirebaseStorage;
		};
		DC7BD2922B619D8D008EB368 /* FirebaseStorageCombine-Community */ = {
			isa = XCSwiftPackageProductDependency;
			package = DC7BD25D2B619D8D008EB368 /* XCRemoteSwiftPackageReference "firebase-ios-sdk" */;
			productName = "FirebaseStorageCombine-Community";
		};
		DCA232B22AE871AF000EAF2F /* RxBlocking */ = {
			isa = XCSwiftPackageProductDependency;
			package = DCA232B12AE871AF000EAF2F /* XCRemoteSwiftPackageReference "RxSwift" */;
			productName = RxBlocking;
		};
		DCA232B42AE871AF000EAF2F /* RxBlocking-Dynamic */ = {
			isa = XCSwiftPackageProductDependency;
			package = DCA232B12AE871AF000EAF2F /* XCRemoteSwiftPackageReference "RxSwift" */;
			productName = "RxBlocking-Dynamic";
		};
		DCA232B62AE871AF000EAF2F /* RxCocoa */ = {
			isa = XCSwiftPackageProductDependency;
			package = DCA232B12AE871AF000EAF2F /* XCRemoteSwiftPackageReference "RxSwift" */;
			productName = RxCocoa;
		};
		DCA232B82AE871AF000EAF2F /* RxCocoa-Dynamic */ = {
			isa = XCSwiftPackageProductDependency;
			package = DCA232B12AE871AF000EAF2F /* XCRemoteSwiftPackageReference "RxSwift" */;
			productName = "RxCocoa-Dynamic";
		};
		DCA232BA2AE871AF000EAF2F /* RxRelay */ = {
			isa = XCSwiftPackageProductDependency;
			package = DCA232B12AE871AF000EAF2F /* XCRemoteSwiftPackageReference "RxSwift" */;
			productName = RxRelay;
		};
/* End XCSwiftPackageProductDependency section */
	};
	rootObject = DCA2327B2AE86FD1000EAF2F /* Project object */;
}
